// !$*UTF8*$!
{
	archiveVersion = 1;
	classes = {
	};
	objectVersion = 46;
	objects = {

/* Begin PBXBuildFile section */
		13ED31B11E87D850006F4C32 /* AppDelegate.swift in Sources */ = {isa = PBXBuildFile; fileRef = 13ED31B01E87D850006F4C32 /* AppDelegate.swift */; };
		13ED31B31E87D850006F4C32 /* ViewController.swift in Sources */ = {isa = PBXBuildFile; fileRef = 13ED31B21E87D850006F4C32 /* ViewController.swift */; };
		13ED31B61E87D850006F4C32 /* Main.storyboard in Resources */ = {isa = PBXBuildFile; fileRef = 13ED31B41E87D850006F4C32 /* Main.storyboard */; };
		13ED31B81E87D850006F4C32 /* Assets.xcassets in Resources */ = {isa = PBXBuildFile; fileRef = 13ED31B71E87D850006F4C32 /* Assets.xcassets */; };
		13ED31BB1E87D850006F4C32 /* LaunchScreen.storyboard in Resources */ = {isa = PBXBuildFile; fileRef = 13ED31B91E87D850006F4C32 /* LaunchScreen.storyboard */; };
/* End PBXBuildFile section */

/* Begin PBXFileReference section */
		13ED31AD1E87D850006F4C32 /* JPYConvert.app */ = {isa = PBXFileReference; explicitFileType = wrapper.application; includeInIndex = 0; path = JPYConvert.app; sourceTree = BUILT_PRODUCTS_DIR; };
		13ED31B01E87D850006F4C32 /* AppDelegate.swift */ = {isa = PBXFileReference; lastKnownFileType = sourcecode.swift; path = AppDelegate.swift; sourceTree = "<group>"; };
		13ED31B21E87D850006F4C32 /* ViewController.swift */ = {isa = PBXFileReference; lastKnownFileType = sourcecode.swift; path = ViewController.swift; sourceTree = "<group>"; };
		13ED31B51E87D850006F4C32 /* Base */ = {isa = PBXFileReference; lastKnownFileType = file.storyboard; name = Base; path = Base.lproj/Main.storyboard; sourceTree = "<group>"; };
		13ED31B71E87D850006F4C32 /* Assets.xcassets */ = {isa = PBXFileReference; lastKnownFileType = folder.assetcatalog; path = Assets.xcassets; sourceTree = "<group>"; };
		13ED31BA1E87D850006F4C32 /* Base */ = {isa = PBXFileReference; lastKnownFileType = file.storyboard; name = Base; path = Base.lproj/LaunchScreen.storyboard; sourceTree = "<group>"; };
		13ED31BC1E87D850006F4C32 /* Info.plist */ = {isa = PBXFileReference; lastKnownFileType = text.plist.xml; path = Info.plist; sourceTree = "<group>"; };
/* End PBXFileReference section */

/* Begin PBXFrameworksBuildPhase section */
		13ED31AA1E87D850006F4C32 /* Frameworks */ = {
			isa = PBXFrameworksBuildPhase;
			buildActionMask = 2147483647;
			files = (
			);
			runOnlyForDeploymentPostprocessing = 0;
		};
/* End PBXFrameworksBuildPhase section */

/* Begin PBXGroup section */
		13ED31A41E87D850006F4C32 = {
			isa = PBXGroup;
			children = (
				13ED31AF1E87D850006F4C32 /* JPYConvert */,
				13ED31AE1E87D850006F4C32 /* Products */,
			);
			sourceTree = "<group>";
		};
		13ED31AE1E87D850006F4C32 /* Products */ = {
			isa = PBXGroup;
			children = (
				13ED31AD1E87D850006F4C32 /* JPYConvert.app */,
			);
			name = Products;
			sourceTree = "<group>";
		};
		13ED31AF1E87D850006F4C32 /* JPYConvert */ = {
			isa = PBXGroup;
			children = (
				13ED31B01E87D850006F4C32 /* AppDelegate.swift */,
				13ED31B21E87D850006F4C32 /* ViewController.swift */,
				13ED31B41E87D850006F4C32 /* Main.storyboard */,
				13ED31B71E87D850006F4C32 /* Assets.xcassets */,
				13ED31B91E87D850006F4C32 /* LaunchScreen.storyboard */,
				13ED31BC1E87D850006F4C32 /* Info.plist */,
			);
			path = JPYConvert;
			sourceTree = "<group>";
		};
/* End PBXGroup section */

/* Begin PBXNativeTarget section */
		13ED31AC1E87D850006F4C32 /* JPYConvert */ = {
			isa = PBXNativeTarget;
			buildConfigurationList = 13ED31BF1E87D850006F4C32 /* Build configuration list for PBXNativeTarget "JPYConvert" */;
			buildPhases = (
				13ED31A91E87D850006F4C32 /* Sources */,
				13ED31AA1E87D850006F4C32 /* Frameworks */,
				13ED31AB1E87D850006F4C32 /* Resources */,
			);
			buildRules = (
			);
			dependencies = (
			);
			name = JPYConvert;
			productName = JPYConvert;
			productReference = 13ED31AD1E87D850006F4C32 /* JPYConvert.app */;
			productType = "com.apple.product-type.application";
		};
/* End PBXNativeTarget section */

/* Begin PBXProject section */
		13ED31A51E87D850006F4C32 /* Project object */ = {
			isa = PBXProject;
			attributes = {
				LastSwiftUpdateCheck = 0820;
				LastUpgradeCheck = 0820;
				ORGANIZATIONNAME = chuck;
				TargetAttributes = {
					13ED31AC1E87D850006F4C32 = {
						CreatedOnToolsVersion = 8.2.1;
						ProvisioningStyle = Automatic;
					};
				};
			};
			buildConfigurationList = 13ED31A81E87D850006F4C32 /* Build configuration list for PBXProject "JPYConvert" */;
			compatibilityVersion = "Xcode 3.2";
			developmentRegion = English;
			hasScannedForEncodings = 0;
			knownRegions = (
				en,
				Base,
			);
			mainGroup = 13ED31A41E87D850006F4C32;
			productRefGroup = 13ED31AE1E87D850006F4C32 /* Products */;
			projectDirPath = "";
			projectRoot = "";
			targets = (
				13ED31AC1E87D850006F4C32 /* JPYConvert */,
			);
		};
/* End PBXProject section */

/* Begin PBXResourcesBuildPhase section */
		13ED31AB1E87D850006F4C32 /* Resources */ = {
			isa = PBXResourcesBuildPhase;
			buildActionMask = 2147483647;
			files = (
				13ED31BB1E87D850006F4C32 /* LaunchScreen.storyboard in Resources */,
				13ED31B81E87D850006F4C32 /* Assets.xcassets in Resources */,
				13ED31B61E87D850006F4C32 /* Main.storyboard in Resources */,
			);
			runOnlyForDeploymentPostprocessing = 0;
		};
/* End PBXResourcesBuildPhase section */

/* Begin PBXSourcesBuildPhase section */
		13ED31A91E87D850006F4C32 /* Sources */ = {
			isa = PBXSourcesBuildPhase;
			buildActionMask = 2147483647;
			files = (
				13ED31B31E87D850006F4C32 /* ViewController.swift in Sources */,
				13ED31B11E87D850006F4C32 /* AppDelegate.swift in Sources */,
			);
			runOnlyForDeploymentPostprocessing = 0;
		};
/* End PBXSourcesBuildPhase section */

/* Begin PBXVariantGroup section */
		13ED31B41E87D850006F4C32 /* Main.storyboard */ = {
			isa = PBXVariantGroup;
			children = (
				13ED31B51E87D850006F4C32 /* Base */,
			);
			name = Main.storyboard;
			sourceTree = "<group>";
		};
		13ED31B91E87D850006F4C32 /* LaunchScreen.storyboard */ = {
			isa = PBXVariantGroup;
			children = (
				13ED31BA1E87D850006F4C32 /* Base */,
			);
			name = LaunchScreen.storyboard;
			sourceTree = "<group>";
		};
/* End PBXVariantGroup section */

/* Begin XCBuildConfiguration section */
		13ED31BD1E87D850006F4C32 /* Debug */ = {
			isa = XCBuildConfiguration;
			buildSettings = {
				ALWAYS_SEARCH_USER_PATHS = NO;
				CLANG_ANALYZER_NONNULL = YES;
				CLANG_CXX_LANGUAGE_STANDARD = "gnu++0x";
				CLANG_CXX_LIBRARY = "libc++";
				CLANG_ENABLE_MODULES = YES;
				CLANG_ENABLE_OBJC_ARC = YES;
				CLANG_WARN_BOOL_CONVERSION = YES;
				CLANG_WARN_CONSTANT_CONVERSION = YES;
				CLANG_WARN_DIRECT_OBJC_ISA_USAGE = YES_ERROR;
				CLANG_WARN_DOCUMENTATION_COMMENTS = YES;
				CLANG_WARN_EMPTY_BODY = YES;
				CLANG_WARN_ENUM_CONVERSION = YES;
				CLANG_WARN_INFINITE_RECURSION = YES;
				CLANG_WARN_INT_CONVERSION = YES;
				CLANG_WARN_OBJC_ROOT_CLASS = YES_ERROR;
				CLANG_WARN_SUSPICIOUS_MOVE = YES;
				CLANG_WARN_UNREACHABLE_CODE = YES;
				CLANG_WARN__DUPLICATE_METHOD_MATCH = YES;
				"CODE_SIGN_IDENTITY[sdk=iphoneos*]" = "iPhone Developer";
				COPY_PHASE_STRIP = NO;
				DEBUG_INFORMATION_FORMAT = dwarf;
				ENABLE_STRICT_OBJC_MSGSEND = YES;
				ENABLE_TESTABILITY = YES;
				GCC_C_LANGUAGE_STANDARD = gnu99;
				GCC_DYNAMIC_NO_PIC = NO;
				GCC_NO_COMMON_BLOCKS = YES;
				GCC_OPTIMIZATION_LEVEL = 0;
				GCC_PREPROCESSOR_DEFINITIONS = (
					"DEBUG=1",
					"$(inherited)",
				);
				GCC_WARN_64_TO_32_BIT_CONVERSION = YES;
				GCC_WARN_ABOUT_RETURN_TYPE = YES_ERROR;
				GCC_WARN_UNDECLARED_SELECTOR = YES;
				GCC_WARN_UNINITIALIZED_AUTOS = YES_AGGRESSIVE;
				GCC_WARN_UNUSED_FUNCTION = YES;
				GCC_WARN_UNUSED_VARIABLE = YES;
				IPHONEOS_DEPLOYMENT_TARGET = 10.2;
				MTL_ENABLE_DEBUG_INFO = YES;
				ONLY_ACTIVE_ARCH = YES;
				SDKROOT = iphoneos;
				SWIFT_ACTIVE_COMPILATION_CONDITIONS = DEBUG;
				SWIFT_OPTIMIZATION_LEVEL = "-Onone";
			};
			name = Debug;
		};
		13ED31BE1E87D850006F4C32 /* Release */ = {
			isa = XCBuildConfiguration;
			buildSettings = {
				ALWAYS_SEARCH_USER_PATHS = NO;
				CLANG_ANALYZER_NONNULL = YES;
				CLANG_CXX_LANGUAGE_STANDARD = "gnu++0x";
				CLANG_CXX_LIBRARY = "libc++";
				CLANG_ENABLE_MODULES = YES;
				CLANG_ENABLE_OBJC_ARC = YES;
				CLANG_WARN_BOOL_CONVERSION = YES;
				CLANG_WARN_CONSTANT_CONVERSION = YES;
				CLANG_WARN_DIRECT_OBJC_ISA_USAGE = YES_ERROR;
				CLANG_WARN_DOCUMENTATION_COMMENTS = YES;
				CLANG_WARN_EMPTY_BODY = YES;
				CLANG_WARN_ENUM_CONVERSION = YES;
				CLANG_WARN_INFINITE_RECURSION = YES;
				CLANG_WARN_INT_CONVERSION = YES;
				CLANG_WARN_OBJC_ROOT_CLASS = YES_ERROR;
				CLANG_WARN_SUSPICIOUS_MOVE = YES;
				CLANG_WARN_UNREACHABLE_CODE = YES;
				CLANG_WARN__DUPLICATE_METHOD_MATCH = YES;
				"CODE_SIGN_IDENTITY[sdk=iphoneos*]" = "iPhone Developer";
				COPY_PHASE_STRIP = NO;
				DEBUG_INFORMATION_FORMAT = "dwarf-with-dsym";
				ENABLE_NS_ASSERTIONS = NO;
				ENABLE_STRICT_OBJC_MSGSEND = YES;
				GCC_C_LANGUAGE_STANDARD = gnu99;
				GCC_NO_COMMON_BLOCKS = YES;
				GCC_WARN_64_TO_32_BIT_CONVERSION = YES;
				GCC_WARN_ABOUT_RETURN_TYPE = YES_ERROR;
				GCC_WARN_UNDECLARED_SELECTOR = YES;
				GCC_WARN_UNINITIALIZED_AUTOS = YES_AGGRESSIVE;
				GCC_WARN_UNUSED_FUNCTION = YES;
				GCC_WARN_UNUSED_VARIABLE = YES;
				IPHONEOS_DEPLOYMENT_TARGET = 10.2;
				MTL_ENABLE_DEBUG_INFO = NO;
				SDKROOT = iphoneos;
				SWIFT_OPTIMIZATION_LEVEL = "-Owholemodule";
				VALIDATE_PRODUCT = YES;
			};
			name = Release;
		};
		13ED31C01E87D850006F4C32 /* Debug */ = {
			isa = XCBuildConfiguration;
			buildSettings = {
				ASSETCATALOG_COMPILER_APPICON_NAME = AppIcon;
				INFOPLIST_FILE = JPYConvert/Info.plist;
				LD_RUNPATH_SEARCH_PATHS = "$(inherited) @executable_path/Frameworks";
				PRODUCT_BUNDLE_IDENTIFIER = com.chuck.JPYConvert;
				PRODUCT_NAME = "$(TARGET_NAME)";
				SWIFT_VERSION = 3.0;
			};
			name = Debug;
		};
		13ED31C11E87D850006F4C32 /* Release */ = {
			isa = XCBuildConfiguration;
			buildSettings = {
				ASSETCATALOG_COMPILER_APPICON_NAME = AppIcon;
				INFOPLIST_FILE = JPYConvert/Info.plist;
				LD_RUNPATH_SEARCH_PATHS = "$(inherited) @executable_path/Frameworks";
				PRODUCT_BUNDLE_IDENTIFIER = com.chuck.JPYConvert;
				PRODUCT_NAME = "$(TARGET_NAME)";
				SWIFT_VERSION = 3.0;
			};
			name = Release;
		};
/* End XCBuildConfiguration section */

/* Begin XCConfigurationList section */
		13ED31A81E87D850006F4C32 /* Build configuration list for PBXProject "JPYConvert" */ = {
			isa = XCConfigurationList;
			buildConfigurations = (
				13ED31BD1E87D850006F4C32 /* Debug */,
				13ED31BE1E87D850006F4C32 /* Release */,
			);
			defaultConfigurationIsVisible = 0;
			defaultConfigurationName = Release;
		};
		13ED31BF1E87D850006F4C32 /* Build configuration list for PBXNativeTarget "JPYConvert" */ = {
			isa = XCConfigurationList;
			buildConfigurations = (
				13ED31C01E87D850006F4C32 /* Debug */,
				13ED31C11E87D850006F4C32 /* Release */,
			);
			defaultConfigurationIsVisible = 0;
		};
/* End XCConfigurationList section */
	};
	rootObject = 13ED31A51E87D850006F4C32 /* Project object */;
}
